
Microsoft Visual Studio Solution File, Format Version 12.00
# Visual Studio Version 17
VisualStudioVersion = 17.0.32126.317
MinimumVisualStudioVersion = 10.0.40219.1
Project("{9A19103F-16F7-4668-BE54-9A1E7A4F7556}") = "AzFuncStorage-POC", "AzFuncStorage-POC.csproj", "{9F010A9E-1F50-4754-B3C3-48856FF7C366}"
EndProject
Global
	GlobalSection(SolutionConfigurationPlatforms) = preSolution
		Debug|Any CPU = Debug|Any CPU
		Release|Any CPU = Release|Any CPU
	EndGlobalSection
	GlobalSection(ProjectConfigurationPlatforms) = postSolution
		{9F010A9E-1F50-4754-B3C3-48856FF7C366}.Debug|Any CPU.ActiveCfg = Debug|Any CPU
		{9F010A9E-1F50-4754-B3C3-48856FF7C366}.Debug|Any CPU.Build.0 = Debug|Any CPU
		{9F010A9E-1F50-4754-B3C3-48856FF7C366}.Release|Any CPU.ActiveCfg = Release|Any CPU
		{9F010A9E-1F50-4754-B3C3-48856FF7C366}.Release|Any CPU.Build.0 = Release|Any CPU
	EndGlobalSection
	GlobalSection(SolutionProperties) = preSolution
		HideSolutionNode = FALSE
	EndGlobalSection
	GlobalSection(ExtensibilityGlobals) = postSolution
		SolutionGuid = {32DB7291-B4E6-461B-9440-901FB82F8D8D}
	EndGlobalSection
EndGlobal
